<?xml version="1.0" encoding="utf-8"?>
<Project ToolsVersion="4.0" xmlns="http://schemas.microsoft.com/developer/msbuild/2003">
  <ItemGroup>
    <ClCompile Include="src\components\Gravity.cpp" />
    <ClCompile Include="src\components\Clickeable.cpp" />
    <ClCompile Include="src\components\DragAndDrop.cpp" />
    <ClCompile Include="src\components\Render.cpp" />
    <ClCompile Include="src\architecture\Component.cpp" />
    <ClCompile Include="src\architecture\ecs.cpp" />
    <ClCompile Include="src\architecture\Entity.cpp" />
    <ClCompile Include="src\architecture\Game.cpp" />
    <ClCompile Include="src\architecture\Scene.cpp" />
    <ClCompile Include="src\components\Trigger.cpp" />
    <ClCompile Include="src\json\JSON.cpp" />
    <ClCompile Include="src\json\JSONValue.cpp" />
    <ClCompile Include="src\json\json_demo.cpp" />
    <ClCompile Include="src\main.cpp" />
    <ClCompile Include="src\scenes\ExplorationScene.cpp" />
    <ClCompile Include="src\scenes\MainScene.cpp" />
    <ClCompile Include="src\sdlutils\SDLUtils.cpp" />
    <ClCompile Include="src\sdlutils\sdlutils_demo.cpp" />
    <ClCompile Include="src\sdlutils\SoundEffect.cpp" />
    <ClCompile Include="src\sdlutils\Texture.cpp" />
    <ClCompile Include="src\utils\Collisions.cpp" />
    <ClCompile Include="src\utils\Vector2D.cpp" />
    <ClCompile Include="src\components\Transform.cpp" />
    <ClCompile Include="src\components\PaqueteBuilder.cpp" />
    <ClCompile Include="src\components\Paquete.cpp" />
    <ClCompile Include="src\components\PackageChecker.cpp" />
    <ClCompile Include="src\components\Herramientas.cpp" />
    <ClCompile Include="src\components\MultipleTextures.cpp" />
    <ClCompile Include="src\components\Mapa.cpp" />
    <ClCompile Include="src\components\Felicidad.cpp" />
    <ClCompile Include="src\scenes\MainMenu.cpp" />
    <ClCompile Include="src\components\MoverTransform.cpp" />
    <ClCompile Include="src\components\PackageChecker.cpp" />
    <ClCompile Include="src\components\Paquete.cpp" />
    <ClCompile Include="src\components\PaqueteBuilder.cpp" />
    <ClCompile Include="src\components\Time.cpp" />
    <ClCompile Include="src\architecture\GeneralData.cpp" />
  </ItemGroup>
  <ItemGroup>
    <ClInclude Include="src\components\Gravity.h" />
    <ClInclude Include="src\components\Clickeable.h" />
    <ClInclude Include="src\components\DragAndDrop.h" />
    <ClInclude Include="src\components\Render.h" />
    <ClInclude Include="src\architecture\Component.h" />
    <ClInclude Include="src\architecture\ecs.h" />
    <ClInclude Include="src\architecture\Entity.h" />
    <ClInclude Include="src\architecture\Game.h" />
    <ClInclude Include="src\architecture\Scene.h" />
    <ClInclude Include="src\components\Trigger.h" />
    <ClInclude Include="src\json\JSON.h" />
    <ClInclude Include="src\json\JSONValue.h" />
    <ClInclude Include="src\json\json_demo.h" />
    <ClInclude Include="src\scenes\ExplorationScene.h" />
    <ClInclude Include="src\scenes\MainScene.h" />
    <ClInclude Include="src\sdlutils\Font.h" />
    <ClInclude Include="src\sdlutils\InputHandler.h" />
    <ClInclude Include="src\sdlutils\macros.h" />
    <ClInclude Include="src\sdlutils\Music.h" />
    <ClInclude Include="src\sdlutils\RandomNumberGenerator.h" />
    <ClInclude Include="src\sdlutils\SDLNetUtils.h" />
    <ClInclude Include="src\sdlutils\SDLUtils.h" />
    <ClInclude Include="src\sdlutils\sdlutils_demo.h" />
    <ClInclude Include="src\sdlutils\SoundEffect.h" />
    <ClInclude Include="src\sdlutils\Texture.h" />
    <ClInclude Include="src\sdlutils\VirtualTimer.h" />
    <ClInclude Include="src\utils\Collisions.h" />
    <ClInclude Include="src\utils\DynamicBitSet.h" />
    <ClInclude Include="src\utils\mpl.h" />
    <ClInclude Include="src\utils\ptr_iterator.h" />
    <ClInclude Include="src\utils\Singleton.h" />
    <ClInclude Include="src\utils\Vector2D.h" />
    <ClInclude Include="src\components\Transform.h" />
    <ClInclude Include="src\components\MultipleTextures.h" />
    <ClInclude Include="src\components\PaqueteBuilder.h" />
    <ClInclude Include="src\components\Paquete.h" />
    <ClInclude Include="src\components\PackageChecker.h" />
    <ClInclude Include="src\components\Herramientas.h" />
    <ClInclude Include="src\components\DialogComponent.h" />
    <ClInclude Include="src\components\Dialog_Manager.h" />
    <ClInclude Include="src\scenes\MainMenu.h" />
    <ClInclude Include="src\components\MoverTransform.h" />
    <ClInclude Include="src\components\Time.h" />
    <ClInclude Include="src\architecture\GeneralData.h" />
  </ItemGroup>
  <ItemGroup>
    <ClInclude Include="src\components\MultipleTextures.h" />
    <ClInclude Include="src\components\Mapa.h" />
    <ClInclude Include="src\components\Felicidad.h" />
    <ClCompile Include="src\components\Dialog_Manager.cpp" />
    <ClCompile Include="src\components\DialogComponent.cpp" />
    <ClInclude Include="src\components\DialogComponent.h" />
    <ClInclude Include="src\components\PackageChecker.h" />
    <ClInclude Include="src\components\Paquete.h" />
    <ClInclude Include="src\components\PaqueteBuilder.h" />
    <ClInclude Include="src\scenes\MainMenu.h" />
    <ClInclude Include="src\scenes\MainMenu.h" />
    <ClInclude Include="src\architecture\GameConstants.h" />
  </ItemGroup>
  <ItemGroup>
    <None Include="Properties.props" />
    <None Include="src\sdlutils\RAEDME.md" />
    <None Include="Properties.props" />
    <None Include="recursos\config\mail.direcctions.json" />
    <None Include="recursos\config\mail.resources.json" />
  </ItemGroup>
  <ItemGroup>
    <Image Include="recursos\images\Alimentos.png" />
    <Image Include="recursos\images\PesoAlto.png" />
    <Image Include="recursos\images\PesoMedio.png" />
    <Image Include="recursos\images\PesoBajo.png" />
    <Image Include="recursos\images\Fragil.png" />
    <Image Include="recursos\images\Medicina.png" />
    <Image Include="recursos\images\Armas.png" />
    <Image Include="recursos\images\Materiales.png" />
    <Image Include="recursos\images\Joyas.png" />
  </ItemGroup>
</Project>