<?xml version="1.0" encoding="utf-8"?>
<Project ToolsVersion="4.0" xmlns="http://schemas.microsoft.com/developer/msbuild/2003">
  <ItemGroup>
    <ClCompile Include="src\components\Gravity.cpp" />
    <ClCompile Include="src\components\Clickeable.cpp" />
    <ClCompile Include="src\components\DragAndDrop.cpp" />
    <ClCompile Include="src\components\Render.cpp" />
    <ClCompile Include="src\architecture\Component.cpp" />
    <ClCompile Include="src\architecture\ecs.cpp" />
    <ClCompile Include="src\architecture\Entity.cpp" />
    <ClCompile Include="src\architecture\Game.cpp" />
    <ClCompile Include="src\architecture\Scene.cpp" />
    <ClCompile Include="src\components\Trigger.cpp" />
    <ClCompile Include="src\json\JSON.cpp" />
    <ClCompile Include="src\json\JSONValue.cpp" />
    <ClCompile Include="src\json\json_demo.cpp" />
    <ClCompile Include="src\main.cpp" />
    <ClCompile Include="src\scenes\ExplorationScene.cpp" />
    <ClCompile Include="src\scenes\MainScene.cpp" />
    <ClCompile Include="src\sdlutils\SDLUtils.cpp" />
    <ClCompile Include="src\sdlutils\sdlutils_demo.cpp" />
    <ClCompile Include="src\sdlutils\SoundEffect.cpp" />
    <ClCompile Include="src\sdlutils\Texture.cpp" />
    <ClCompile Include="src\components\Transform.cpp" />
    <ClCompile Include="src\components\Paquete.cpp" />
    <ClCompile Include="src\components\PackageChecker.cpp" />
    <ClCompile Include="src\components\Herramientas.cpp" />
    <ClCompile Include="src\components\MultipleTextures.cpp" />
    <ClCompile Include="src\scenes\MainMenu.cpp" />
    <ClCompile Include="src\components\MoverTransform.cpp" />
    <ClCompile Include="src\components\PackageChecker.cpp" />
    <ClCompile Include="src\components\Paquete.cpp" />
    <ClCompile Include="src\architecture\Time.cpp" />
    <ClCompile Include="src\architecture\GeneralData.cpp" />
    <ClCompile Include="src\sistemas\PaqueteBuilder.cpp" />
    <ClCompile Include="src\sistemas\Felicidad.cpp" />
    <ClCompile Include="src\sistemas\Mapa.cpp" />
    <ClCompile Include="src\components\Wrap.cpp" />
    <ClCompile Include="src\scenes\EndWorkScene.cpp" />
    <ClCompile Include="src\sistemas\ComonObjectsFactory.cpp" />
    <ClCompile Include="src\components\SelfDestruct.cpp" />
    <ClCompile Include="src\utils\Collisions.cpp">
      <Filter>utilsSource</Filter>
    </ClCompile>
    <ClCompile Include="src\utils\Vector2D.cpp">
      <Filter>utilsSource</Filter>
    </ClCompile>
    <ClCompile Include="src\scenes\ExplorationScene2.cpp" />
    <ClCompile Include="ImGui\imgui.cpp" />
    <ClCompile Include="ImGui\imgui_demo.cpp" />
    <ClCompile Include="ImGui\imgui_draw.cpp" />
    <ClCompile Include="ImGui\imgui_tables.cpp" />
    <ClCompile Include="ImGui\imgui_widgets.cpp" />
    <ClCompile Include="ImGui\backends\imgui_impl_sdl2.cpp" />
    <ClCompile Include="ImGui\backends\imgui_impl_sdlrenderer2.cpp" />
    <ClCompile Include="src\components\Depth.cpp" />
    <ClCompile Include="src\components\ErrorNote.cpp" />
    <ClCompile Include="src\QATools\DataCollector.cpp" />
    <ClCompile Include="src\architecture\Config.cpp" />
    <ClCompile Include="src\components\DelayedCallback.cpp" />
    <ClCompile Include="src\entities\ClockAux.cpp" />
  </ItemGroup>
  <ItemGroup>
    <ClInclude Include="src\components\Gravity.h" />
    <ClInclude Include="src\components\Render.h" />
    <ClInclude Include="src\architecture\ecs.h" />
    <ClInclude Include="src\architecture\Entity.h" />
    <ClInclude Include="src\architecture\Game.h" />
    <ClInclude Include="src\architecture\Scene.h" />
    <ClInclude Include="src\components\Trigger.h" />
    <ClInclude Include="src\json\JSON.h" />
    <ClInclude Include="src\json\JSONValue.h" />
    <ClInclude Include="src\json\json_demo.h" />
    <ClInclude Include="src\scenes\ExplorationScene.h" />
    <ClInclude Include="src\scenes\MainScene.h" />
    <ClInclude Include="src\sdlutils\Font.h" />
    <ClInclude Include="src\sdlutils\InputHandler.h" />
    <ClInclude Include="src\sdlutils\macros.h" />
    <ClInclude Include="src\sdlutils\Music.h" />
    <ClInclude Include="src\sdlutils\RandomNumberGenerator.h" />
    <ClInclude Include="src\sdlutils\SDLNetUtils.h" />
    <ClInclude Include="src\sdlutils\SDLUtils.h" />
    <ClInclude Include="src\sdlutils\sdlutils_demo.h" />
    <ClInclude Include="src\sdlutils\SoundEffect.h" />
    <ClInclude Include="src\sdlutils\Texture.h" />
    <ClInclude Include="src\sdlutils\VirtualTimer.h" />
    <ClInclude Include="src\components\Transform.h" />
    <ClInclude Include="src\components\MultipleTextures.h" />
    <ClInclude Include="src\components\Paquete.h" />
    <ClInclude Include="src\components\PackageChecker.h" />
    <ClInclude Include="src\components\Herramientas.h" />
    <ClInclude Include="src\scenes\MainMenu.h" />
    <ClInclude Include="src\components\MoverTransform.h" />
    <ClInclude Include="src\architecture\Time.h" />
    <ClInclude Include="src\architecture\GeneralData.h" />
    <ClInclude Include="src\sistemas\PaqueteBuilder.h" />
    <ClInclude Include="src\sistemas\Felicidad.h" />
    <ClInclude Include="src\sistemas\Mapa.h" />
    <ClInclude Include="src\components\Wrap.h" />
    <ClInclude Include="src\scenes\EndWorkScene.h" />
    <ClInclude Include="src\components\SelfDestruct.h" />
    <ClInclude Include="src\components\Clickeable.h">
      <Filter>componetsHeader</Filter>
    </ClInclude>
    <ClInclude Include="src\sistemas\ComonObjectsFactory.h">
      <Filter>componetsHeader</Filter>
    </ClInclude>
    <ClInclude Include="src\architecture\Component.h">
      <Filter>componetsHeader</Filter>
    </ClInclude>
    <ClInclude Include="src\components\DialogComponent.h">
      <Filter>componetsHeader</Filter>
    </ClInclude>
    <ClInclude Include="src\utils\checkML.h">
      <Filter>utilsHeader</Filter>
    </ClInclude>
    <ClInclude Include="src\utils\Collisions.h">
      <Filter>utilsHeader</Filter>
    </ClInclude>
    <ClInclude Include="src\utils\DynamicBitSet.h">
      <Filter>utilsHeader</Filter>
    </ClInclude>
    <ClInclude Include="src\utils\mpl.h">
      <Filter>utilsHeader</Filter>
    </ClInclude>
    <ClInclude Include="src\utils\ptr_iterator.h">
      <Filter>utilsHeader</Filter>
    </ClInclude>
    <ClInclude Include="src\utils\Singleton.h">
      <Filter>utilsHeader</Filter>
    </ClInclude>
    <ClInclude Include="src\utils\Vector2D.h">
      <Filter>utilsHeader</Filter>
    </ClInclude>
    <ClInclude Include="src\components\Dialog_Manager.h">
      <Filter>componetsHeader</Filter>
    </ClInclude>
    <ClInclude Include="src\components\DragAndDrop.h">
      <Filter>componetsHeader</Filter>
    </ClInclude>
    <ClInclude Include="src\scenes\ExplorationScene2.h" />
    <ClInclude Include="src\utils\checkML.h" />
    <ClInclude Include="ImGui\imconfig.h" />
    <ClInclude Include="ImGui\imgui.h" />
    <ClInclude Include="ImGui\imgui_internal.h" />
    <ClInclude Include="ImGui\imstb_rectpack.h" />
    <ClInclude Include="ImGui\imstb_textedit.h" />
    <ClInclude Include="ImGui\imstb_truetype.h" />
    <ClInclude Include="ImGui\backends\imgui_impl_sdl2.h" />
    <ClInclude Include="ImGui\backends\imgui_impl_sdlrenderer2.h" />
    <ClInclude Include="src\components\Depth.h" />
    <ClInclude Include="src\components\ErrorNote.h" />
    <ClInclude Include="rapidCSV\rapidcsv.h" />
    <ClInclude Include="src\QATools\DataCollector.h" />
    <ClInclude Include="src\architecture\Config.h" />
    <ClInclude Include="src\components\DelayedCallback.h" />
    <ClInclude Include="src\entities\ClockAux.h" />
  </ItemGroup>
  <ItemGroup>
    <ClInclude Include="src\components\MultipleTextures.h" />
    <ClCompile Include="src\components\Dialog_Manager.cpp" />
    <ClCompile Include="src\components\DialogComponent.cpp" />
    <ClInclude Include="src\components\DialogComponent.h" />
    <ClInclude Include="src\components\PackageChecker.h" />
    <ClInclude Include="src\components\Paquete.h" />
    <ClInclude Include="src\scenes\MainMenu.h" />
    <ClInclude Include="src\scenes\MainMenu.h" />
    <ClInclude Include="src\architecture\GameConstants.h" />
  </ItemGroup>
  <ItemGroup>
    <None Include="Properties.props" />
    <None Include="src\sdlutils\RAEDME.md" />
    <None Include="Properties.props" />
    <None Include="recursos\config\mail.direcctions.json" />
    <None Include="recursos\config\mail.resources.json" />
  </ItemGroup>
  <ItemGroup>
    <Image Include="recursos\images\Alimentos.png" />
    <Image Include="recursos\images\PesoAlto.png" />
    <Image Include="recursos\images\PesoMedio.png" />
    <Image Include="recursos\images\PesoBajo.png" />
    <Image Include="recursos\images\Fragil.png" />
    <Image Include="recursos\images\Medicina.png" />
    <Image Include="recursos\images\Armas.png" />
    <Image Include="recursos\images\Materiales.png" />
    <Image Include="recursos\images\Joyas.png" />
    <Image Include="recursos\images\placeholderTrabajar.png" />
  </ItemGroup>
  <ItemGroup>
    <Filter Include="componetsHeader">
      <UniqueIdentifier>{c8e53fa0-f34e-49ee-a592-ff44e985ef5f}</UniqueIdentifier>
    </Filter>
    <Filter Include="utilsHeader">
      <UniqueIdentifier>{7f0881b8-a627-4c24-a979-e09bd2f409e8}</UniqueIdentifier>
    </Filter>
    <Filter Include="utilsSource">
      <UniqueIdentifier>{70ea59ee-a0af-4a3c-ac21-0874f74e9201}</UniqueIdentifier>
    </Filter>
  </ItemGroup>
</Project>